
Microsoft Visual Studio Solution File, Format Version 12.00
# Visual Studio 2017
Project("{FAE04EC0-301F-11D3-BF4B-00C04F79EFBC}") = "Birth_Unity", "Birth_Unity.csproj", "{E533190F-C40C-D814-557F-E1A44BE9037D}"
EndProject
Project("{FAE04EC0-301F-11D3-BF4B-00C04F79EFBC}") = "Birth_Unity.Editor", "Birth_Unity.Editor.csproj", "{D6C5E4C3-9F8D-554A-8E7E-6CD94957B8C1}"
EndProject
Global
	GlobalSection(SolutionConfigurationPlatforms) = preSolution
		Debug|Any CPU = Debug|Any CPU
		Release|Any CPU = Release|Any CPU
	EndGlobalSection
	GlobalSection(ProjectConfigurationPlatforms) = postSolution
		{E533190F-C40C-D814-557F-E1A44BE9037D}.Debug|Any CPU.ActiveCfg = Debug|Any CPU
		{E533190F-C40C-D814-557F-E1A44BE9037D}.Debug|Any CPU.Build.0 = Debug|Any CPU
		{E533190F-C40C-D814-557F-E1A44BE9037D}.Release|Any CPU.ActiveCfg = Release|Any CPU
		{E533190F-C40C-D814-557F-E1A44BE9037D}.Release|Any CPU.Build.0 = Release|Any CPU
		{D6C5E4C3-9F8D-554A-8E7E-6CD94957B8C1}.Debug|Any CPU.ActiveCfg = Debug|Any CPU
		{D6C5E4C3-9F8D-554A-8E7E-6CD94957B8C1}.Debug|Any CPU.Build.0 = Debug|Any CPU
		{D6C5E4C3-9F8D-554A-8E7E-6CD94957B8C1}.Release|Any CPU.ActiveCfg = Release|Any CPU
		{D6C5E4C3-9F8D-554A-8E7E-6CD94957B8C1}.Release|Any CPU.Build.0 = Release|Any CPU
	EndGlobalSection
	GlobalSection(SolutionProperties) = preSolution
		HideSolutionNode = FALSE
	EndGlobalSection
EndGlobal
